
Microsoft Visual Studio Solution File, Format Version 12.00
# Visual Studio Version 16
VisualStudioVersion = 16.0.32126.315
MinimumVisualStudioVersion = 10.0.40219.1
Project("{FAE04EC0-301F-11D3-BF4B-00C04F79EFBC}") = "Encrypter", "Encrypter.csproj", "{8CFE4D1E-32E5-461E-982C-715EDE686DCF}"
EndProject
Global
	GlobalSection(SolutionConfigurationPlatforms) = preSolution
		Debug|Any CPU = Debug|Any CPU
		Release|Any CPU = Release|Any CPU
	EndGlobalSection
	GlobalSection(ProjectConfigurationPlatforms) = postSolution
		{8CFE4D1E-32E5-461E-982C-715EDE686DCF}.Debug|Any CPU.ActiveCfg = Debug|Any CPU
		{8CFE4D1E-32E5-461E-982C-715EDE686DCF}.Debug|Any CPU.Build.0 = Debug|Any CPU
		{8CFE4D1E-32E5-461E-982C-715EDE686DCF}.Release|Any CPU.ActiveCfg = Release|Any CPU
		{8CFE4D1E-32E5-461E-982C-715EDE686DCF}.Release|Any CPU.Build.0 = Release|Any CPU
	EndGlobalSection
	GlobalSection(SolutionProperties) = preSolution
		HideSolutionNode = FALSE
	EndGlobalSection
	GlobalSection(ExtensibilityGlobals) = postSolution
		SolutionGuid = {7B09E463-7976-4A1B-8A9C-9E51C2B78136}
	EndGlobalSection
EndGlobal
